
Microsoft Visual Studio Solution File, Format Version 12.00
# Visual Studio Version 16
VisualStudioVersion = 16.0.30717.126
MinimumVisualStudioVersion = 10.0.40219.1
Project("{FAE04EC0-301F-11D3-BF4B-00C04F79EFBC}") = "Lab01-51", "Lab01-51\Lab01-51.csproj", "{572472D6-9912-41A3-8DDC-2E4E1DE6BC02}"
EndProject
Project("{FAE04EC0-301F-11D3-BF4B-00C04F79EFBC}") = "Lab01-52", "Lab01-52\Lab01-52.csproj", "{F3930FE1-34FD-48E1-9373-0F4AFB1A6712}"
EndProject
Project("{FAE04EC0-301F-11D3-BF4B-00C04F79EFBC}") = "Lab02-9", "Lab02-9\Lab02-9.csproj", "{E88CCC48-D5FE-46E3-8664-EBF9452D0D26}"
EndProject
Project("{FAE04EC0-301F-11D3-BF4B-00C04F79EFBC}") = "Lab04-1", "Lab04-1\TestStandardDialog\Lab04-1.csproj", "{3DA146B5-0430-4078-BFBF-6864F31192E7}"
EndProject
Project("{FAE04EC0-301F-11D3-BF4B-00C04F79EFBC}") = "Lab04-2", "Lab04-2\EditPerson\Lab04-2.csproj", "{425B5FF5-06A3-48D0-A435-DA00E50982A4}"
EndProject
Project("{FAE04EC0-301F-11D3-BF4B-00C04F79EFBC}") = "Lab04-3", "Lab04-3\EditPerson\Lab04-3.csproj", "{F277267F-117D-4507-A94A-890A02CFFD1E}"
EndProject
Project("{FAE04EC0-301F-11D3-BF4B-00C04F79EFBC}") = "Lab04-4", "Lab04-4\Lab04-4\Lab04-4.csproj", "{DED2EC00-1A27-4844-AA6A-6F9F1AD60705}"
EndProject
Project("{FAE04EC0-301F-11D3-BF4B-00C04F79EFBC}") = "Lab05-2", "Lab05-2\PdfReader\Lab05-2.csproj", "{0E203257-1C4B-4073-8B34-83CFE2CCBD86}"
EndProject
Project("{FAE04EC0-301F-11D3-BF4B-00C04F79EFBC}") = "Lab05-3", "Lab05-3\WinAnim\Lab05-3.csproj", "{ACA74214-79CC-489E-BB36-B7ACC107EE8E}"
EndProject
Project("{FAE04EC0-301F-11D3-BF4B-00C04F79EFBC}") = "Lab03-4", "Lab03-04\Lab03-4.csproj", "{96BE59C3-2ABD-48BE-9F9D-7B43271BF136}"
EndProject
Project("{FAE04EC0-301F-11D3-BF4B-00C04F79EFBC}") = "Lab05-1", "Lab05-1\WinFormsExcel\Lab05-1.csproj", "{96ED818A-8EFE-47C6-9F2B-D08A1B781B1D}"
EndProject
Project("{FAE04EC0-301F-11D3-BF4B-00C04F79EFBC}") = "Lab07-1", "Lab07-1\Lab07-1.csproj", "{00C04232-8CC6-435A-891F-72E8B5639E1D}"
EndProject
Project("{FAE04EC0-301F-11D3-BF4B-00C04F79EFBC}") = "Lab07-2", "Lab07-2\Lab07-2.csproj", "{0F2D57D1-440B-4EF6-9F8B-494AEEF6F6B9}"
EndProject
Project("{FAE04EC0-301F-11D3-BF4B-00C04F79EFBC}") = "Lab07-3", "Lab07-3\Lab07-3.csproj", "{4E9C6BF4-403C-4081-9FFE-4DA5F1461EE1}"
EndProject
Project("{FAE04EC0-301F-11D3-BF4B-00C04F79EFBC}") = "Lab07-4", "Lab07-4\Lab07-4.csproj", "{7F4CF81B-2AD0-4181-AEAC-65578673F7FA}"
EndProject
Global
	GlobalSection(SolutionConfigurationPlatforms) = preSolution
		Debug|Any CPU = Debug|Any CPU
		Release|Any CPU = Release|Any CPU
	EndGlobalSection
	GlobalSection(ProjectConfigurationPlatforms) = postSolution
		{572472D6-9912-41A3-8DDC-2E4E1DE6BC02}.Debug|Any CPU.ActiveCfg = Debug|Any CPU
		{572472D6-9912-41A3-8DDC-2E4E1DE6BC02}.Debug|Any CPU.Build.0 = Debug|Any CPU
		{572472D6-9912-41A3-8DDC-2E4E1DE6BC02}.Release|Any CPU.ActiveCfg = Release|Any CPU
		{572472D6-9912-41A3-8DDC-2E4E1DE6BC02}.Release|Any CPU.Build.0 = Release|Any CPU
		{F3930FE1-34FD-48E1-9373-0F4AFB1A6712}.Debug|Any CPU.ActiveCfg = Debug|Any CPU
		{F3930FE1-34FD-48E1-9373-0F4AFB1A6712}.Debug|Any CPU.Build.0 = Debug|Any CPU
		{F3930FE1-34FD-48E1-9373-0F4AFB1A6712}.Release|Any CPU.ActiveCfg = Release|Any CPU
		{F3930FE1-34FD-48E1-9373-0F4AFB1A6712}.Release|Any CPU.Build.0 = Release|Any CPU
		{E88CCC48-D5FE-46E3-8664-EBF9452D0D26}.Debug|Any CPU.ActiveCfg = Debug|Any CPU
		{E88CCC48-D5FE-46E3-8664-EBF9452D0D26}.Debug|Any CPU.Build.0 = Debug|Any CPU
		{E88CCC48-D5FE-46E3-8664-EBF9452D0D26}.Release|Any CPU.ActiveCfg = Release|Any CPU
		{E88CCC48-D5FE-46E3-8664-EBF9452D0D26}.Release|Any CPU.Build.0 = Release|Any CPU
		{3DA146B5-0430-4078-BFBF-6864F31192E7}.Debug|Any CPU.ActiveCfg = Debug|Any CPU
		{3DA146B5-0430-4078-BFBF-6864F31192E7}.Debug|Any CPU.Build.0 = Debug|Any CPU
		{3DA146B5-0430-4078-BFBF-6864F31192E7}.Release|Any CPU.ActiveCfg = Release|Any CPU
		{3DA146B5-0430-4078-BFBF-6864F31192E7}.Release|Any CPU.Build.0 = Release|Any CPU
		{425B5FF5-06A3-48D0-A435-DA00E50982A4}.Debug|Any CPU.ActiveCfg = Debug|Any CPU
		{425B5FF5-06A3-48D0-A435-DA00E50982A4}.Debug|Any CPU.Build.0 = Debug|Any CPU
		{425B5FF5-06A3-48D0-A435-DA00E50982A4}.Release|Any CPU.ActiveCfg = Release|Any CPU
		{425B5FF5-06A3-48D0-A435-DA00E50982A4}.Release|Any CPU.Build.0 = Release|Any CPU
		{F277267F-117D-4507-A94A-890A02CFFD1E}.Debug|Any CPU.ActiveCfg = Debug|Any CPU
		{F277267F-117D-4507-A94A-890A02CFFD1E}.Debug|Any CPU.Build.0 = Debug|Any CPU
		{F277267F-117D-4507-A94A-890A02CFFD1E}.Release|Any CPU.ActiveCfg = Release|Any CPU
		{F277267F-117D-4507-A94A-890A02CFFD1E}.Release|Any CPU.Build.0 = Release|Any CPU
		{DED2EC00-1A27-4844-AA6A-6F9F1AD60705}.Debug|Any CPU.ActiveCfg = Debug|Any CPU
		{DED2EC00-1A27-4844-AA6A-6F9F1AD60705}.Debug|Any CPU.Build.0 = Debug|Any CPU
		{DED2EC00-1A27-4844-AA6A-6F9F1AD60705}.Release|Any CPU.ActiveCfg = Release|Any CPU
		{DED2EC00-1A27-4844-AA6A-6F9F1AD60705}.Release|Any CPU.Build.0 = Release|Any CPU
		{0E203257-1C4B-4073-8B34-83CFE2CCBD86}.Debug|Any CPU.ActiveCfg = Debug|Any CPU
		{0E203257-1C4B-4073-8B34-83CFE2CCBD86}.Debug|Any CPU.Build.0 = Debug|Any CPU
		{0E203257-1C4B-4073-8B34-83CFE2CCBD86}.Release|Any CPU.ActiveCfg = Release|Any CPU
		{0E203257-1C4B-4073-8B34-83CFE2CCBD86}.Release|Any CPU.Build.0 = Release|Any CPU
		{ACA74214-79CC-489E-BB36-B7ACC107EE8E}.Debug|Any CPU.ActiveCfg = Debug|Any CPU
		{ACA74214-79CC-489E-BB36-B7ACC107EE8E}.Debug|Any CPU.Build.0 = Debug|Any CPU
		{ACA74214-79CC-489E-BB36-B7ACC107EE8E}.Release|Any CPU.ActiveCfg = Release|Any CPU
		{ACA74214-79CC-489E-BB36-B7ACC107EE8E}.Release|Any CPU.Build.0 = Release|Any CPU
		{96BE59C3-2ABD-48BE-9F9D-7B43271BF136}.Debug|Any CPU.ActiveCfg = Debug|Any CPU
		{96BE59C3-2ABD-48BE-9F9D-7B43271BF136}.Debug|Any CPU.Build.0 = Debug|Any CPU
		{96BE59C3-2ABD-48BE-9F9D-7B43271BF136}.Release|Any CPU.ActiveCfg = Release|Any CPU
		{96BE59C3-2ABD-48BE-9F9D-7B43271BF136}.Release|Any CPU.Build.0 = Release|Any CPU
		{96ED818A-8EFE-47C6-9F2B-D08A1B781B1D}.Debug|Any CPU.ActiveCfg = Debug|Any CPU
		{96ED818A-8EFE-47C6-9F2B-D08A1B781B1D}.Debug|Any CPU.Build.0 = Debug|Any CPU
		{96ED818A-8EFE-47C6-9F2B-D08A1B781B1D}.Release|Any CPU.ActiveCfg = Release|Any CPU
		{96ED818A-8EFE-47C6-9F2B-D08A1B781B1D}.Release|Any CPU.Build.0 = Release|Any CPU
		{00C04232-8CC6-435A-891F-72E8B5639E1D}.Debug|Any CPU.ActiveCfg = Debug|Any CPU
		{00C04232-8CC6-435A-891F-72E8B5639E1D}.Debug|Any CPU.Build.0 = Debug|Any CPU
		{00C04232-8CC6-435A-891F-72E8B5639E1D}.Release|Any CPU.ActiveCfg = Release|Any CPU
		{00C04232-8CC6-435A-891F-72E8B5639E1D}.Release|Any CPU.Build.0 = Release|Any CPU
		{0F2D57D1-440B-4EF6-9F8B-494AEEF6F6B9}.Debug|Any CPU.ActiveCfg = Debug|Any CPU
		{0F2D57D1-440B-4EF6-9F8B-494AEEF6F6B9}.Debug|Any CPU.Build.0 = Debug|Any CPU
		{0F2D57D1-440B-4EF6-9F8B-494AEEF6F6B9}.Release|Any CPU.ActiveCfg = Release|Any CPU
		{0F2D57D1-440B-4EF6-9F8B-494AEEF6F6B9}.Release|Any CPU.Build.0 = Release|Any CPU
		{4E9C6BF4-403C-4081-9FFE-4DA5F1461EE1}.Debug|Any CPU.ActiveCfg = Debug|Any CPU
		{4E9C6BF4-403C-4081-9FFE-4DA5F1461EE1}.Debug|Any CPU.Build.0 = Debug|Any CPU
		{4E9C6BF4-403C-4081-9FFE-4DA5F1461EE1}.Release|Any CPU.ActiveCfg = Release|Any CPU
		{4E9C6BF4-403C-4081-9FFE-4DA5F1461EE1}.Release|Any CPU.Build.0 = Release|Any CPU
		{7F4CF81B-2AD0-4181-AEAC-65578673F7FA}.Debug|Any CPU.ActiveCfg = Debug|Any CPU
		{7F4CF81B-2AD0-4181-AEAC-65578673F7FA}.Debug|Any CPU.Build.0 = Debug|Any CPU
		{7F4CF81B-2AD0-4181-AEAC-65578673F7FA}.Release|Any CPU.ActiveCfg = Release|Any CPU
		{7F4CF81B-2AD0-4181-AEAC-65578673F7FA}.Release|Any CPU.Build.0 = Release|Any CPU
	EndGlobalSection
	GlobalSection(SolutionProperties) = preSolution
		HideSolutionNode = FALSE
	EndGlobalSection
	GlobalSection(ExtensibilityGlobals) = postSolution
		SolutionGuid = {9B05C678-44F9-4667-A760-B804B2423906}
	EndGlobalSection
EndGlobal
