
Microsoft Visual Studio Solution File, Format Version 12.00
# Visual Studio Version 16
VisualStudioVersion = 16.0.30804.86
MinimumVisualStudioVersion = 10.0.40219.1
Project("{FAE04EC0-301F-11D3-BF4B-00C04F79EFBC}") = "WinFormsExcel", "WinFormsExcel\WinFormsExcel.csproj", "{96ED818A-8EFE-47C6-9F2B-D08A1B781B1D}"
EndProject
Global
	GlobalSection(SolutionConfigurationPlatforms) = preSolution
		Debug|Any CPU = Debug|Any CPU
		Release|Any CPU = Release|Any CPU
	EndGlobalSection
	GlobalSection(ProjectConfigurationPlatforms) = postSolution
		{96ED818A-8EFE-47C6-9F2B-D08A1B781B1D}.Debug|Any CPU.ActiveCfg = Debug|Any CPU
		{96ED818A-8EFE-47C6-9F2B-D08A1B781B1D}.Debug|Any CPU.Build.0 = Debug|Any CPU
		{96ED818A-8EFE-47C6-9F2B-D08A1B781B1D}.Release|Any CPU.ActiveCfg = Release|Any CPU
		{96ED818A-8EFE-47C6-9F2B-D08A1B781B1D}.Release|Any CPU.Build.0 = Release|Any CPU
	EndGlobalSection
	GlobalSection(SolutionProperties) = preSolution
		HideSolutionNode = FALSE
	EndGlobalSection
	GlobalSection(ExtensibilityGlobals) = postSolution
		SolutionGuid = {C9BEF6BC-A9A5-4EEF-922E-6C24031B1416}
	EndGlobalSection
EndGlobal
