
Microsoft Visual Studio Solution File, Format Version 12.00
# Visual Studio Version 16
VisualStudioVersion = 16.0.30717.126
MinimumVisualStudioVersion = 10.0.40219.1
Project("{FAE04EC0-301F-11D3-BF4B-00C04F79EFBC}") = "WinAnim", "WinAnim\WinAnim.csproj", "{ACA74214-79CC-489E-BB36-B7ACC107EE8E}"
EndProject
Global
	GlobalSection(SolutionConfigurationPlatforms) = preSolution
		Debug|Any CPU = Debug|Any CPU
		Release|Any CPU = Release|Any CPU
	EndGlobalSection
	GlobalSection(ProjectConfigurationPlatforms) = postSolution
		{ACA74214-79CC-489E-BB36-B7ACC107EE8E}.Debug|Any CPU.ActiveCfg = Debug|Any CPU
		{ACA74214-79CC-489E-BB36-B7ACC107EE8E}.Debug|Any CPU.Build.0 = Debug|Any CPU
		{ACA74214-79CC-489E-BB36-B7ACC107EE8E}.Release|Any CPU.ActiveCfg = Release|Any CPU
		{ACA74214-79CC-489E-BB36-B7ACC107EE8E}.Release|Any CPU.Build.0 = Release|Any CPU
	EndGlobalSection
	GlobalSection(SolutionProperties) = preSolution
		HideSolutionNode = FALSE
	EndGlobalSection
	GlobalSection(ExtensibilityGlobals) = postSolution
		SolutionGuid = {02110550-1916-4447-8BD1-4AE06F9ECAC4}
	EndGlobalSection
EndGlobal
